
Microsoft Visual Studio Solution File, Format Version 12.00
# Visual Studio Version 17
VisualStudioVersion = 17.0.31912.275
MinimumVisualStudioVersion = 10.0.40219.1
Project("{FAE04EC0-301F-11D3-BF4B-00C04F79EFBC}") = "PirmerEvaluacion", "PirmerEvaluacion\PirmerEvaluacion.csproj", "{0D3FC8B6-1D82-4CBF-AE62-C5C2CC22BF2F}"
EndProject
Global
	GlobalSection(SolutionConfigurationPlatforms) = preSolution
		Debug|Any CPU = Debug|Any CPU
		Release|Any CPU = Release|Any CPU
	EndGlobalSection
	GlobalSection(ProjectConfigurationPlatforms) = postSolution
		{0D3FC8B6-1D82-4CBF-AE62-C5C2CC22BF2F}.Debug|Any CPU.ActiveCfg = Debug|Any CPU
		{0D3FC8B6-1D82-4CBF-AE62-C5C2CC22BF2F}.Debug|Any CPU.Build.0 = Debug|Any CPU
		{0D3FC8B6-1D82-4CBF-AE62-C5C2CC22BF2F}.Release|Any CPU.ActiveCfg = Release|Any CPU
		{0D3FC8B6-1D82-4CBF-AE62-C5C2CC22BF2F}.Release|Any CPU.Build.0 = Release|Any CPU
	EndGlobalSection
	GlobalSection(SolutionProperties) = preSolution
		HideSolutionNode = FALSE
	EndGlobalSection
	GlobalSection(ExtensibilityGlobals) = postSolution
		SolutionGuid = {9CFBA3CE-7F8D-42BC-AFE9-6507E88D2D32}
	EndGlobalSection
EndGlobal
